
Microsoft Visual Studio Solution File, Format Version 12.00
# Visual Studio Version 17
VisualStudioVersion = 17.0.32112.339
MinimumVisualStudioVersion = 10.0.40219.1
Project("{FAE04EC0-301F-11D3-BF4B-00C04F79EFBC}") = "LanguageBasicDemo", "LanguageBasicDemo\LanguageBasicDemo.csproj", "{525A92EE-935B-4EF9-AEAD-6CAE4B714220}"
EndProject
Global
	GlobalSection(SolutionConfigurationPlatforms) = preSolution
		Debug|Any CPU = Debug|Any CPU
		Release|Any CPU = Release|Any CPU
	EndGlobalSection
	GlobalSection(ProjectConfigurationPlatforms) = postSolution
		{525A92EE-935B-4EF9-AEAD-6CAE4B714220}.Debug|Any CPU.ActiveCfg = Debug|Any CPU
		{525A92EE-935B-4EF9-AEAD-6CAE4B714220}.Debug|Any CPU.Build.0 = Debug|Any CPU
		{525A92EE-935B-4EF9-AEAD-6CAE4B714220}.Release|Any CPU.ActiveCfg = Release|Any CPU
		{525A92EE-935B-4EF9-AEAD-6CAE4B714220}.Release|Any CPU.Build.0 = Release|Any CPU
	EndGlobalSection
	GlobalSection(SolutionProperties) = preSolution
		HideSolutionNode = FALSE
	EndGlobalSection
	GlobalSection(ExtensibilityGlobals) = postSolution
		SolutionGuid = {E431E209-6ADF-4FC4-8011-1D4E740CE24D}
	EndGlobalSection
EndGlobal
